
Microsoft Visual Studio Solution File, Format Version 12.00
# Visual Studio Version 17
VisualStudioVersion = 17.5.33414.496
MinimumVisualStudioVersion = 10.0.40219.1
Project("{FAE04EC0-301F-11D3-BF4B-00C04F79EFBC}") = "Export_PPT_Charts_To_Excel_In_Single_Sheet_DotNet", "Export_PPT_Charts_To_Excel_In_Single_Sheet_DotNet.csproj", "{044E3458-7220-4D54-8EC0-F4417332A5A6}"
EndProject
Global
	GlobalSection(SolutionConfigurationPlatforms) = preSolution
		Debug|Any CPU = Debug|Any CPU
		Release|Any CPU = Release|Any CPU
	EndGlobalSection
	GlobalSection(ProjectConfigurationPlatforms) = postSolution
		{044E3458-7220-4D54-8EC0-F4417332A5A6}.Debug|Any CPU.ActiveCfg = Debug|Any CPU
		{044E3458-7220-4D54-8EC0-F4417332A5A6}.Debug|Any CPU.Build.0 = Debug|Any CPU
		{044E3458-7220-4D54-8EC0-F4417332A5A6}.Release|Any CPU.ActiveCfg = Release|Any CPU
		{044E3458-7220-4D54-8EC0-F4417332A5A6}.Release|Any CPU.Build.0 = Release|Any CPU
	EndGlobalSection
	GlobalSection(SolutionProperties) = preSolution
		HideSolutionNode = FALSE
	EndGlobalSection
	GlobalSection(ExtensibilityGlobals) = postSolution
		SolutionGuid = {1432390D-EF83-4BA2-AE78-DB0023025FEA}
	EndGlobalSection
EndGlobal
